
Microsoft Visual Studio Solution File, Format Version 12.00
# Visual Studio Version 17
VisualStudioVersion = 17.0.31919.166
MinimumVisualStudioVersion = 10.0.40219.1
Project("{9A19103F-16F7-4668-BE54-9A1E7A4F7556}") = "corenorthwindapi", "corenorthwindapi\corenorthwindapi.csproj", "{6721D4AA-F695-4ADD-814F-EA965C58BD2F}"
EndProject
Project("{9092AA53-FB77-4645-B42D-1CCCA6BD08BD}") = "vuejsnorthwindapp", "vuejsnorthwindapp\vuejsnorthwindapp.njsproj", "{B6FDEDD5-7A30-4640-BCE4-02455C5447AF}"
EndProject
Project("{9092AA53-FB77-4645-B42D-1CCCA6BD08BD}") = "expressnorthwindapp", "expressnorthwindapp\expressnorthwindapp.njsproj", "{635FEAF7-73EB-47C9-896E-7B5B0B14C073}"
EndProject
Project("{9092AA53-FB77-4645-B42D-1CCCA6BD08BD}") = "nodenorthwindapi", "nodenorthwindapi\nodenorthwindapi.njsproj", "{D3D9FBBC-7834-4FFD-A226-7296DD7050DA}"
EndProject
Project("{FAE04EC0-301F-11D3-BF4B-00C04F79EFBC}") = "razornorthwindapp", "razornorthwindapp\razornorthwindapp.csproj", "{7916765B-E324-4E86-BB56-829C6A2DF91E}"
EndProject
Project("{9092AA53-FB77-4645-B42D-1CCCA6BD08BD}") = "strapicmsapi", "strapicmsapi\strapicmsapi.njsproj", "{C26191C0-D080-48FE-B53C-32EF0592E83A}"
EndProject
Global
	GlobalSection(SolutionConfigurationPlatforms) = preSolution
		Debug|Any CPU = Debug|Any CPU
		Release|Any CPU = Release|Any CPU
	EndGlobalSection
	GlobalSection(ProjectConfigurationPlatforms) = postSolution
		{6721D4AA-F695-4ADD-814F-EA965C58BD2F}.Debug|Any CPU.ActiveCfg = Debug|Any CPU
		{6721D4AA-F695-4ADD-814F-EA965C58BD2F}.Debug|Any CPU.Build.0 = Debug|Any CPU
		{6721D4AA-F695-4ADD-814F-EA965C58BD2F}.Release|Any CPU.ActiveCfg = Release|Any CPU
		{6721D4AA-F695-4ADD-814F-EA965C58BD2F}.Release|Any CPU.Build.0 = Release|Any CPU
		{B6FDEDD5-7A30-4640-BCE4-02455C5447AF}.Debug|Any CPU.ActiveCfg = Debug|Any CPU
		{B6FDEDD5-7A30-4640-BCE4-02455C5447AF}.Debug|Any CPU.Build.0 = Debug|Any CPU
		{B6FDEDD5-7A30-4640-BCE4-02455C5447AF}.Release|Any CPU.ActiveCfg = Release|Any CPU
		{B6FDEDD5-7A30-4640-BCE4-02455C5447AF}.Release|Any CPU.Build.0 = Release|Any CPU
		{635FEAF7-73EB-47C9-896E-7B5B0B14C073}.Debug|Any CPU.ActiveCfg = Debug|Any CPU
		{635FEAF7-73EB-47C9-896E-7B5B0B14C073}.Debug|Any CPU.Build.0 = Debug|Any CPU
		{635FEAF7-73EB-47C9-896E-7B5B0B14C073}.Release|Any CPU.ActiveCfg = Release|Any CPU
		{635FEAF7-73EB-47C9-896E-7B5B0B14C073}.Release|Any CPU.Build.0 = Release|Any CPU
		{D3D9FBBC-7834-4FFD-A226-7296DD7050DA}.Debug|Any CPU.ActiveCfg = Debug|Any CPU
		{D3D9FBBC-7834-4FFD-A226-7296DD7050DA}.Debug|Any CPU.Build.0 = Debug|Any CPU
		{D3D9FBBC-7834-4FFD-A226-7296DD7050DA}.Release|Any CPU.ActiveCfg = Release|Any CPU
		{D3D9FBBC-7834-4FFD-A226-7296DD7050DA}.Release|Any CPU.Build.0 = Release|Any CPU
		{7916765B-E324-4E86-BB56-829C6A2DF91E}.Debug|Any CPU.ActiveCfg = Debug|Any CPU
		{7916765B-E324-4E86-BB56-829C6A2DF91E}.Debug|Any CPU.Build.0 = Debug|Any CPU
		{7916765B-E324-4E86-BB56-829C6A2DF91E}.Release|Any CPU.ActiveCfg = Release|Any CPU
		{7916765B-E324-4E86-BB56-829C6A2DF91E}.Release|Any CPU.Build.0 = Release|Any CPU
		{C26191C0-D080-48FE-B53C-32EF0592E83A}.Debug|Any CPU.ActiveCfg = Debug|Any CPU
		{C26191C0-D080-48FE-B53C-32EF0592E83A}.Debug|Any CPU.Build.0 = Debug|Any CPU
		{C26191C0-D080-48FE-B53C-32EF0592E83A}.Release|Any CPU.ActiveCfg = Release|Any CPU
		{C26191C0-D080-48FE-B53C-32EF0592E83A}.Release|Any CPU.Build.0 = Release|Any CPU
	EndGlobalSection
	GlobalSection(SolutionProperties) = preSolution
		HideSolutionNode = FALSE
	EndGlobalSection
	GlobalSection(ExtensibilityGlobals) = postSolution
		SolutionGuid = {299D1B7E-662D-45B1-9EB1-D56CE81C0A24}
	EndGlobalSection
EndGlobal
